
Microsoft Visual Studio Solution File, Format Version 12.00
# Visual Studio Version 16
VisualStudioVersion = 16.0.29306.81
MinimumVisualStudioVersion = 10.0.40219.1
Project("{FAE04EC0-301F-11D3-BF4B-00C04F79EFBC}") = "CA20201021", "CA20201021\CA20201021.csproj", "{7EA60FEC-A57A-4F48-8964-783B87BB90BD}"
EndProject
Global
	GlobalSection(SolutionConfigurationPlatforms) = preSolution
		Debug|Any CPU = Debug|Any CPU
		Release|Any CPU = Release|Any CPU
	EndGlobalSection
	GlobalSection(ProjectConfigurationPlatforms) = postSolution
		{7EA60FEC-A57A-4F48-8964-783B87BB90BD}.Debug|Any CPU.ActiveCfg = Debug|Any CPU
		{7EA60FEC-A57A-4F48-8964-783B87BB90BD}.Debug|Any CPU.Build.0 = Debug|Any CPU
		{7EA60FEC-A57A-4F48-8964-783B87BB90BD}.Release|Any CPU.ActiveCfg = Release|Any CPU
		{7EA60FEC-A57A-4F48-8964-783B87BB90BD}.Release|Any CPU.Build.0 = Release|Any CPU
	EndGlobalSection
	GlobalSection(SolutionProperties) = preSolution
		HideSolutionNode = FALSE
	EndGlobalSection
	GlobalSection(ExtensibilityGlobals) = postSolution
		SolutionGuid = {4A304F4A-1EF3-4329-9C25-F01604F1AA96}
	EndGlobalSection
EndGlobal
